<?xml version="1.0" encoding="utf-8"?>
<Project ToolsVersion="4.0" xmlns="http://schemas.microsoft.com/developer/msbuild/2003">
  <ItemGroup>
    <Filter Include="源文件">
      <UniqueIdentifier>{4FC737F1-C7A5-4376-A066-2A32D752A2FF}</UniqueIdentifier>
      <Extensions>cpp;c;cc;cxx;c++;cppm;ixx;def;odl;idl;hpj;bat;asm;asmx</Extensions>
    </Filter>
    <Filter Include="头文件">
      <UniqueIdentifier>{93995380-89BD-4b04-88EB-625FBE52EBFB}</UniqueIdentifier>
      <Extensions>h;hh;hpp;hxx;h++;hm;inl;inc;ipp;xsd</Extensions>
    </Filter>
    <Filter Include="资源文件">
      <UniqueIdentifier>{67DA6AB6-F800-4c08-8B7A-83BB121AAD01}</UniqueIdentifier>
      <Extensions>rc;ico;cur;bmp;dlg;rc2;rct;bin;rgs;gif;jpg;jpeg;jpe;resx;tiff;tif;png;wav;mfcribbon-ms</Extensions>
    </Filter>
    <Filter Include="third">
      <UniqueIdentifier>{acd8ef91-07d9-4c08-b772-9db90049ccdb}</UniqueIdentifier>
    </Filter>
    <Filter Include="third\PicocC">
      <UniqueIdentifier>{30ec17f8-c735-4a30-ba67-6deae659e0b8}</UniqueIdentifier>
    </Filter>
    <Filter Include="third\PicocC\src">
      <UniqueIdentifier>{029a9ca5-5c81-4b2c-a1bd-a1462994b83c}</UniqueIdentifier>
    </Filter>
    <Filter Include="third\PicocC\platform">
      <UniqueIdentifier>{7dd274e0-270b-4293-90fe-29b26754bcb5}</UniqueIdentifier>
    </Filter>
  </ItemGroup>
  <ItemGroup>
    <ClCompile Include="PicocC.cpp">
      <Filter>源文件</Filter>
    </ClCompile>
    <ClCompile Include="..\src\clibrary.c">
      <Filter>third\PicocC\src</Filter>
    </ClCompile>
    <ClCompile Include="..\src\expression.c">
      <Filter>third\PicocC\src</Filter>
    </ClCompile>
    <ClCompile Include="..\src\heap.c">
      <Filter>third\PicocC\src</Filter>
    </ClCompile>
    <ClCompile Include="..\src\include.c">
      <Filter>third\PicocC\src</Filter>
    </ClCompile>
    <ClCompile Include="..\src\lex.c">
      <Filter>third\PicocC\src</Filter>
    </ClCompile>
    <ClCompile Include="..\src\parse.c">
      <Filter>third\PicocC\src</Filter>
    </ClCompile>
    <ClCompile Include="..\src\picoc.c">
      <Filter>third\PicocC\src</Filter>
    </ClCompile>
    <ClCompile Include="..\src\platform.c">
      <Filter>third\PicocC\src</Filter>
    </ClCompile>
    <ClCompile Include="..\src\table.c">
      <Filter>third\PicocC\src</Filter>
    </ClCompile>
    <ClCompile Include="..\src\type.c">
      <Filter>third\PicocC\src</Filter>
    </ClCompile>
    <ClCompile Include="..\src\variable.c">
      <Filter>third\PicocC\src</Filter>
    </ClCompile>
    <ClCompile Include="..\platform\library_ffox.c">
      <Filter>third\PicocC\platform</Filter>
    </ClCompile>
    <ClCompile Include="..\platform\library_srv1.c">
      <Filter>third\PicocC\platform</Filter>
    </ClCompile>
    <ClCompile Include="..\platform\library_surveyor.c">
      <Filter>third\PicocC\platform</Filter>
    </ClCompile>
    <ClCompile Include="..\platform\library_unix.c">
      <Filter>third\PicocC\platform</Filter>
    </ClCompile>
    <ClCompile Include="..\platform\platform_ffox.c">
      <Filter>third\PicocC\platform</Filter>
    </ClCompile>
    <ClCompile Include="..\platform\platform_surveyor.c">
      <Filter>third\PicocC\platform</Filter>
    </ClCompile>
    <ClCompile Include="..\platform\platform_unix.c">
      <Filter>third\PicocC\platform</Filter>
    </ClCompile>
  </ItemGroup>
  <ItemGroup>
    <ClInclude Include="..\src\interpreter.h">
      <Filter>third\PicocC\src</Filter>
    </ClInclude>
    <ClInclude Include="..\src\picoc.h">
      <Filter>third\PicocC\src</Filter>
    </ClInclude>
    <ClInclude Include="..\src\platform.h">
      <Filter>third\PicocC\src</Filter>
    </ClInclude>
  </ItemGroup>
</Project>